{
  "name": "miniprogram",
  "version": "1.0.0",
  "lockfileVersion": 2,
  "requires": true,
  "packages": {
    "": {
      "name": "miniprogram",
      "version": "1.0.0",
      "license": "ISC",
      "dependencies": {
        "@vant/weapp": "^1.10.2",
        "uview-ui": "^2.0.30",
        "weui-miniprogram": "^1.0.8"
      }
    },
    "node_modules/@vant/weapp": {
      "version": "1.10.2",
      "resolved": "https://registry.npmjs.org/@vant/weapp/-/weapp-1.10.2.tgz",
      "integrity": "sha512-caqA0xQxM4lMRncFsRPPVMDdEzUBCJ4xdFXuKReXpEU3qwnVIP/WIjVDIi7mWyS7xqz8C9WfSW5JL4PrlSq31w=="
    },
    "node_modules/uview-ui": {
      "version": "2.0.30",
      "resolved": "https://registry.npmjs.org/uview-ui/-/uview-ui-2.0.30.tgz",
      "integrity": "sha512-hRl+QDh13O75c59Ddhbu8nifMRukUTEitjzFFo7eZqTwmAEZQ2J1+Fn5S4ZpwVyGupQLfvGbv8Q4ps4oyBGj+g==",
      "engines": {
        "HBuilderX": "^3.1.0"
      }
    },
    "node_modules/weui-miniprogram": {
      "version": "1.0.8",
      "resolved": "https://registry.npmjs.org/weui-miniprogram/-/weui-miniprogram-1.0.8.tgz",
      "integrity": "sha512-fm9Hi/3s2Imp2xufuxBcbzYxIcrVt0gPMIdjHfuIFA0Fxiukztc+c2nyFspmkI9YkrdHM1o2h6qsStdK+wFhWQ=="
    }
  },
  "dependencies": {
    "@vant/weapp": {
      "version": "1.10.2",
      "resolved": "https://registry.npmjs.org/@vant/weapp/-/weapp-1.10.2.tgz",
      "integrity": "sha512-caqA0xQxM4lMRncFsRPPVMDdEzUBCJ4xdFXuKReXpEU3qwnVIP/WIjVDIi7mWyS7xqz8C9WfSW5JL4PrlSq31w=="
    },
    "uview-ui": {
      "version": "2.0.30",
      "resolved": "https://registry.npmjs.org/uview-ui/-/uview-ui-2.0.30.tgz",
      "integrity": "sha512-hRl+QDh13O75c59Ddhbu8nifMRukUTEitjzFFo7eZqTwmAEZQ2J1+Fn5S4ZpwVyGupQLfvGbv8Q4ps4oyBGj+g=="
    },
    "weui-miniprogram": {
      "version": "1.0.8",
      "resolved": "https://registry.npmjs.org/weui-miniprogram/-/weui-miniprogram-1.0.8.tgz",
      "integrity": "sha512-fm9Hi/3s2Imp2xufuxBcbzYxIcrVt0gPMIdjHfuIFA0Fxiukztc+c2nyFspmkI9YkrdHM1o2h6qsStdK+wFhWQ=="
    }
  }
}
